<Solution>
  <Folder Name="/src/">
    <Project Path="src/TaskManagement.Application/TaskManagement.Application.csproj" />
    <Project Path="src/TaskManagement.Domain/TaskManagement.Domain.csproj" />
    <Project Path="src/TaskManagement.Infrastructure/TaskManagement.Infrastructure.csproj" />
    <Project Path="src/TaskManagement.Wpf/TaskManagement.Wpf.csproj" />
  </Folder>
  <Folder Name="/tests/">
    <Project Path="tests/TaskManagement.IntegrationTests/TaskManagement.IntegrationTests.csproj" />
    <Project Path="tests/TaskManagement.UnitTests/TaskManagement.UnitTests.csproj" />
    <Project Path="tests/TaskManagement.Wpf.UnitTests/TaskManagement.Wpf.UnitTests.csproj" />
  </Folder>
</Solution>
